
Microsoft Visual Studio Solution File, Format Version 12.00
# Visual Studio 15
VisualStudioVersion = 15.0.27428.2002
MinimumVisualStudioVersion = 10.0.40219.1
Project("{FAE04EC0-301F-11D3-BF4B-00C04F79EFBC}") = "econv", "econv\econv.csproj", "{AA1E7DCE-3D43-4D01-B5F4-4F7F4456AE14}"
EndProject
Project("{8BC9CEB8-8B4A-11D0-8D11-00A0C91BC942}") = "elib", "elib\elib.vcxproj", "{DCB8B145-F38C-4D7F-9F60-799B305B1CAC}"
EndProject
Global
	GlobalSection(SolutionConfigurationPlatforms) = preSolution
		Debug|Any CPU = Debug|Any CPU
		Debug|x64 = Debug|x64
		Debug|x86 = Debug|x86
		Release|Any CPU = Release|Any CPU
		Release|x64 = Release|x64
		Release|x86 = Release|x86
	EndGlobalSection
	GlobalSection(ProjectConfigurationPlatforms) = postSolution
		{AA1E7DCE-3D43-4D01-B5F4-4F7F4456AE14}.Debug|Any CPU.ActiveCfg = Debug|Any CPU
		{AA1E7DCE-3D43-4D01-B5F4-4F7F4456AE14}.Debug|Any CPU.Build.0 = Debug|Any CPU
		{AA1E7DCE-3D43-4D01-B5F4-4F7F4456AE14}.Debug|x64.ActiveCfg = Debug|Any CPU
		{AA1E7DCE-3D43-4D01-B5F4-4F7F4456AE14}.Debug|x64.Build.0 = Debug|Any CPU
		{AA1E7DCE-3D43-4D01-B5F4-4F7F4456AE14}.Debug|x86.ActiveCfg = Debug|Any CPU
		{AA1E7DCE-3D43-4D01-B5F4-4F7F4456AE14}.Debug|x86.Build.0 = Debug|Any CPU
		{AA1E7DCE-3D43-4D01-B5F4-4F7F4456AE14}.Release|Any CPU.ActiveCfg = Release|Any CPU
		{AA1E7DCE-3D43-4D01-B5F4-4F7F4456AE14}.Release|Any CPU.Build.0 = Release|Any CPU
		{AA1E7DCE-3D43-4D01-B5F4-4F7F4456AE14}.Release|x64.ActiveCfg = Release|Any CPU
		{AA1E7DCE-3D43-4D01-B5F4-4F7F4456AE14}.Release|x64.Build.0 = Release|Any CPU
		{AA1E7DCE-3D43-4D01-B5F4-4F7F4456AE14}.Release|x86.ActiveCfg = Release|Any CPU
		{AA1E7DCE-3D43-4D01-B5F4-4F7F4456AE14}.Release|x86.Build.0 = Release|Any CPU
		{DCB8B145-F38C-4D7F-9F60-799B305B1CAC}.Debug|Any CPU.ActiveCfg = Debug|Win32
		{DCB8B145-F38C-4D7F-9F60-799B305B1CAC}.Debug|x64.ActiveCfg = Debug|x64
		{DCB8B145-F38C-4D7F-9F60-799B305B1CAC}.Debug|x64.Build.0 = Debug|x64
		{DCB8B145-F38C-4D7F-9F60-799B305B1CAC}.Debug|x86.ActiveCfg = Debug|Win32
		{DCB8B145-F38C-4D7F-9F60-799B305B1CAC}.Debug|x86.Build.0 = Debug|Win32
		{DCB8B145-F38C-4D7F-9F60-799B305B1CAC}.Release|Any CPU.ActiveCfg = Release|Win32
		{DCB8B145-F38C-4D7F-9F60-799B305B1CAC}.Release|x64.ActiveCfg = Release|x64
		{DCB8B145-F38C-4D7F-9F60-799B305B1CAC}.Release|x64.Build.0 = Release|x64
		{DCB8B145-F38C-4D7F-9F60-799B305B1CAC}.Release|x86.ActiveCfg = Release|Win32
		{DCB8B145-F38C-4D7F-9F60-799B305B1CAC}.Release|x86.Build.0 = Release|Win32
	EndGlobalSection
	GlobalSection(SolutionProperties) = preSolution
		HideSolutionNode = FALSE
	EndGlobalSection
	GlobalSection(ExtensibilityGlobals) = postSolution
		SolutionGuid = {1648C82B-49AD-4B10-B501-65F1ECBB3D6D}
	EndGlobalSection
EndGlobal
